
Microsoft Visual Studio Solution File, Format Version 12.00
# Visual Studio Version 16
VisualStudioVersion = 16.0.30907.101
MinimumVisualStudioVersion = 10.0.40219.1
Project("{2150E333-8FDC-42A3-9474-1A3956D46DE8}") = "src", "src", "{F83481F5-00A1-445A-9286-DDBC2EC74976}"
EndProject
Project("{2150E333-8FDC-42A3-9474-1A3956D46DE8}") = "simples", "simples", "{D7D289E8-16E2-4560-B3C5-8AD73B28937B}"
EndProject
Project("{9A19103F-16F7-4668-BE54-9A1E7A4F7556}") = "PP.Wpf", "src\PP.Wpf\PP.Wpf.csproj", "{D51B9063-120A-4E2D-A1B1-CF630880EE62}"
EndProject
Project("{9A19103F-16F7-4668-BE54-9A1E7A4F7556}") = "PP.Wpf.Demo", "simples\PP.Wpf.Demo\PP.Wpf.Demo.csproj", "{F5825BA3-95CF-401E-955C-B0D9AE14CE45}"
EndProject
Global
	GlobalSection(SolutionConfigurationPlatforms) = preSolution
		Debug|Any CPU = Debug|Any CPU
		Release|Any CPU = Release|Any CPU
	EndGlobalSection
	GlobalSection(ProjectConfigurationPlatforms) = postSolution
		{D51B9063-120A-4E2D-A1B1-CF630880EE62}.Debug|Any CPU.ActiveCfg = Debug|Any CPU
		{D51B9063-120A-4E2D-A1B1-CF630880EE62}.Debug|Any CPU.Build.0 = Debug|Any CPU
		{D51B9063-120A-4E2D-A1B1-CF630880EE62}.Release|Any CPU.ActiveCfg = Release|Any CPU
		{D51B9063-120A-4E2D-A1B1-CF630880EE62}.Release|Any CPU.Build.0 = Release|Any CPU
		{F5825BA3-95CF-401E-955C-B0D9AE14CE45}.Debug|Any CPU.ActiveCfg = Debug|Any CPU
		{F5825BA3-95CF-401E-955C-B0D9AE14CE45}.Debug|Any CPU.Build.0 = Debug|Any CPU
		{F5825BA3-95CF-401E-955C-B0D9AE14CE45}.Release|Any CPU.ActiveCfg = Release|Any CPU
		{F5825BA3-95CF-401E-955C-B0D9AE14CE45}.Release|Any CPU.Build.0 = Release|Any CPU
	EndGlobalSection
	GlobalSection(SolutionProperties) = preSolution
		HideSolutionNode = FALSE
	EndGlobalSection
	GlobalSection(NestedProjects) = preSolution
		{D51B9063-120A-4E2D-A1B1-CF630880EE62} = {F83481F5-00A1-445A-9286-DDBC2EC74976}
		{F5825BA3-95CF-401E-955C-B0D9AE14CE45} = {D7D289E8-16E2-4560-B3C5-8AD73B28937B}
	EndGlobalSection
	GlobalSection(ExtensibilityGlobals) = postSolution
		SolutionGuid = {775AED2A-0B30-4910-A40C-8FAB323489A3}
	EndGlobalSection
EndGlobal
